
Microsoft Visual Studio Solution File, Format Version 12.00
# Visual Studio Version 17
VisualStudioVersion = 17.4.32916.344
MinimumVisualStudioVersion = 10.0.40219.1
Project("{9A19103F-16F7-4668-BE54-9A1E7A4F7556}") = "firstConsole", "firstConsole\firstConsole.csproj", "{39F0EC6D-7A2A-44CF-8B04-861A2321B2A8}"
EndProject
Project("{FAE04EC0-301F-11D3-BF4B-00C04F79EFBC}") = "ReadData", "ReadData\ReadData.csproj", "{9B183CAB-F177-4FD8-A761-870679335C80}"
EndProject
Project("{9A19103F-16F7-4668-BE54-9A1E7A4F7556}") = "ReadData2", "ReadData2\ReadData2.csproj", "{39540C69-7F82-4697-9E4A-34C7CD6242CD}"
EndProject
Project("{9A19103F-16F7-4668-BE54-9A1E7A4F7556}") = "ExpHanling", "ExpHanling\ExpHanling.csproj", "{0B4DD888-C802-4ABD-931A-615D56327904}"
EndProject
Project("{9A19103F-16F7-4668-BE54-9A1E7A4F7556}") = "Statements", "Statements\Statements.csproj", "{657BE390-0ADE-475F-8BB5-5F1B2AFC2C10}"
EndProject
Project("{9A19103F-16F7-4668-BE54-9A1E7A4F7556}") = "ArrListOrn", "ArrListÖrn\ArrListOrn.csproj", "{C753D03D-3EB7-4F8B-AD83-E4F932B79988}"
EndProject
Project("{FAE04EC0-301F-11D3-BF4B-00C04F79EFBC}") = "Ornek", "AracEkle\Ornek.csproj", "{7C29657C-6C19-4176-9342-C69AA22B9EAC}"
EndProject
Project("{FAE04EC0-301F-11D3-BF4B-00C04F79EFBC}") = "MethodOrnek", "MethodOrnek\MethodOrnek.csproj", "{1F00EDD3-C300-4F96-BFA3-1825151B8B46}"
EndProject
Global
	GlobalSection(SolutionConfigurationPlatforms) = preSolution
		Debug|Any CPU = Debug|Any CPU
		Release|Any CPU = Release|Any CPU
	EndGlobalSection
	GlobalSection(ProjectConfigurationPlatforms) = postSolution
		{39F0EC6D-7A2A-44CF-8B04-861A2321B2A8}.Debug|Any CPU.ActiveCfg = Debug|Any CPU
		{39F0EC6D-7A2A-44CF-8B04-861A2321B2A8}.Debug|Any CPU.Build.0 = Debug|Any CPU
		{39F0EC6D-7A2A-44CF-8B04-861A2321B2A8}.Release|Any CPU.ActiveCfg = Release|Any CPU
		{39F0EC6D-7A2A-44CF-8B04-861A2321B2A8}.Release|Any CPU.Build.0 = Release|Any CPU
		{9B183CAB-F177-4FD8-A761-870679335C80}.Debug|Any CPU.ActiveCfg = Debug|Any CPU
		{9B183CAB-F177-4FD8-A761-870679335C80}.Debug|Any CPU.Build.0 = Debug|Any CPU
		{9B183CAB-F177-4FD8-A761-870679335C80}.Release|Any CPU.ActiveCfg = Release|Any CPU
		{9B183CAB-F177-4FD8-A761-870679335C80}.Release|Any CPU.Build.0 = Release|Any CPU
		{39540C69-7F82-4697-9E4A-34C7CD6242CD}.Debug|Any CPU.ActiveCfg = Debug|Any CPU
		{39540C69-7F82-4697-9E4A-34C7CD6242CD}.Debug|Any CPU.Build.0 = Debug|Any CPU
		{39540C69-7F82-4697-9E4A-34C7CD6242CD}.Release|Any CPU.ActiveCfg = Release|Any CPU
		{39540C69-7F82-4697-9E4A-34C7CD6242CD}.Release|Any CPU.Build.0 = Release|Any CPU
		{0B4DD888-C802-4ABD-931A-615D56327904}.Debug|Any CPU.ActiveCfg = Debug|Any CPU
		{0B4DD888-C802-4ABD-931A-615D56327904}.Debug|Any CPU.Build.0 = Debug|Any CPU
		{0B4DD888-C802-4ABD-931A-615D56327904}.Release|Any CPU.ActiveCfg = Release|Any CPU
		{0B4DD888-C802-4ABD-931A-615D56327904}.Release|Any CPU.Build.0 = Release|Any CPU
		{657BE390-0ADE-475F-8BB5-5F1B2AFC2C10}.Debug|Any CPU.ActiveCfg = Debug|Any CPU
		{657BE390-0ADE-475F-8BB5-5F1B2AFC2C10}.Debug|Any CPU.Build.0 = Debug|Any CPU
		{657BE390-0ADE-475F-8BB5-5F1B2AFC2C10}.Release|Any CPU.ActiveCfg = Release|Any CPU
		{657BE390-0ADE-475F-8BB5-5F1B2AFC2C10}.Release|Any CPU.Build.0 = Release|Any CPU
		{C753D03D-3EB7-4F8B-AD83-E4F932B79988}.Debug|Any CPU.ActiveCfg = Debug|Any CPU
		{C753D03D-3EB7-4F8B-AD83-E4F932B79988}.Debug|Any CPU.Build.0 = Debug|Any CPU
		{C753D03D-3EB7-4F8B-AD83-E4F932B79988}.Release|Any CPU.ActiveCfg = Release|Any CPU
		{C753D03D-3EB7-4F8B-AD83-E4F932B79988}.Release|Any CPU.Build.0 = Release|Any CPU
		{7C29657C-6C19-4176-9342-C69AA22B9EAC}.Debug|Any CPU.ActiveCfg = Debug|Any CPU
		{7C29657C-6C19-4176-9342-C69AA22B9EAC}.Debug|Any CPU.Build.0 = Debug|Any CPU
		{7C29657C-6C19-4176-9342-C69AA22B9EAC}.Release|Any CPU.ActiveCfg = Release|Any CPU
		{7C29657C-6C19-4176-9342-C69AA22B9EAC}.Release|Any CPU.Build.0 = Release|Any CPU
		{1F00EDD3-C300-4F96-BFA3-1825151B8B46}.Debug|Any CPU.ActiveCfg = Debug|Any CPU
		{1F00EDD3-C300-4F96-BFA3-1825151B8B46}.Debug|Any CPU.Build.0 = Debug|Any CPU
		{1F00EDD3-C300-4F96-BFA3-1825151B8B46}.Release|Any CPU.ActiveCfg = Release|Any CPU
		{1F00EDD3-C300-4F96-BFA3-1825151B8B46}.Release|Any CPU.Build.0 = Release|Any CPU
	EndGlobalSection
	GlobalSection(SolutionProperties) = preSolution
		HideSolutionNode = FALSE
	EndGlobalSection
	GlobalSection(ExtensibilityGlobals) = postSolution
		SolutionGuid = {ADF50DFF-ED58-4EDE-A28D-B1A3EA23379F}
	EndGlobalSection
EndGlobal
